// !$*UTF8*$!
{
	archiveVersion = 1;
	classes = {
	};
	objectVersion = 46;
	objects = {

/* Begin PBXBuildFile section */
		63A14B3D1DED658D00F6D9B4 /* main.m in Sources */ = {isa = PBXBuildFile; fileRef = 63A14B3C1DED658D00F6D9B4 /* main.m */; };
		63A14B401DED658D00F6D9B4 /* AppDelegate.m in Sources */ = {isa = PBXBuildFile; fileRef = 63A14B3F1DED658D00F6D9B4 /* AppDelegate.m */; };
		63A14B431DED658D00F6D9B4 /* ViewController.m in Sources */ = {isa = PBXBuildFile; fileRef = 63A14B421DED658D00F6D9B4 /* ViewController.m */; };
		63A14B461DED658D00F6D9B4 /* Main.storyboard in Resources */ = {isa = PBXBuildFile; fileRef = 63A14B441DED658D00F6D9B4 /* Main.storyboard */; };
		63A14B481DED658D00F6D9B4 /* Assets.xcassets in Resources */ = {isa = PBXBuildFile; fileRef = 63A14B471DED658D00F6D9B4 /* Assets.xcassets */; };
		63A14B4B1DED658D00F6D9B4 /* LaunchScreen.storyboard in Resources */ = {isa = PBXBuildFile; fileRef = 63A14B491DED658D00F6D9B4 /* LaunchScreen.storyboard */; };
		63A14B561DED658E00F6D9B4 /* DetectNetworkTests.m in Sources */ = {isa = PBXBuildFile; fileRef = 63A14B551DED658E00F6D9B4 /* DetectNetworkTests.m */; };
		63A14B611DED658E00F6D9B4 /* DetectNetworkUITests.m in Sources */ = {isa = PBXBuildFile; fileRef = 63A14B601DED658E00F6D9B4 /* DetectNetworkUITests.m */; };
		63A14B741DED65B000F6D9B4 /* DetectNetworkStatus.m in Sources */ = {isa = PBXBuildFile; fileRef = 63A14B701DED65B000F6D9B4 /* DetectNetworkStatus.m */; };
		63A14B751DED65B000F6D9B4 /* Reachability.m in Sources */ = {isa = PBXBuildFile; fileRef = 63A14B721DED65B000F6D9B4 /* Reachability.m */; };
/* End PBXBuildFile section */

/* Begin PBXContainerItemProxy section */
		63A14B521DED658E00F6D9B4 /* PBXContainerItemProxy */ = {
			isa = PBXContainerItemProxy;
			containerPortal = 63A14B301DED658D00F6D9B4 /* Project object */;
			proxyType = 1;
			remoteGlobalIDString = 63A14B371DED658D00F6D9B4;
			remoteInfo = DetectNetwork;
		};
		63A14B5D1DED658E00F6D9B4 /* PBXContainerItemProxy */ = {
			isa = PBXContainerItemProxy;
			containerPortal = 63A14B301DED658D00F6D9B4 /* Project object */;
			proxyType = 1;
			remoteGlobalIDString = 63A14B371DED658D00F6D9B4;
			remoteInfo = DetectNetwork;
		};
/* End PBXContainerItemProxy section */

/* Begin PBXFileReference section */
		63A14B381DED658D00F6D9B4 /* DetectNetwork.app */ = {isa = PBXFileReference; explicitFileType = wrapper.application; includeInIndex = 0; path = DetectNetwork.app; sourceTree = BUILT_PRODUCTS_DIR; };
		63A14B3C1DED658D00F6D9B4 /* main.m */ = {isa = PBXFileReference; lastKnownFileType = sourcecode.c.objc; path = main.m; sourceTree = "<group>"; };
		63A14B3E1DED658D00F6D9B4 /* AppDelegate.h */ = {isa = PBXFileReference; lastKnownFileType = sourcecode.c.h; path = AppDelegate.h; sourceTree = "<group>"; };
		63A14B3F1DED658D00F6D9B4 /* AppDelegate.m */ = {isa = PBXFileReference; lastKnownFileType = sourcecode.c.objc; path = AppDelegate.m; sourceTree = "<group>"; };
		63A14B411DED658D00F6D9B4 /* ViewController.h */ = {isa = PBXFileReference; lastKnownFileType = sourcecode.c.h; path = ViewController.h; sourceTree = "<group>"; };
		63A14B421DED658D00F6D9B4 /* ViewController.m */ = {isa = PBXFileReference; lastKnownFileType = sourcecode.c.objc; path = ViewController.m; sourceTree = "<group>"; };
		63A14B451DED658D00F6D9B4 /* Base */ = {isa = PBXFileReference; lastKnownFileType = file.storyboard; name = Base; path = Base.lproj/Main.storyboard; sourceTree = "<group>"; };
		63A14B471DED658D00F6D9B4 /* Assets.xcassets */ = {isa = PBXFileReference; lastKnownFileType = folder.assetcatalog; path = Assets.xcassets; sourceTree = "<group>"; };
		63A14B4A1DED658D00F6D9B4 /* Base */ = {isa = PBXFileReference; lastKnownFileType = file.storyboard; name = Base; path = Base.lproj/LaunchScreen.storyboard; sourceTree = "<group>"; };
		63A14B4C1DED658D00F6D9B4 /* Info.plist */ = {isa = PBXFileReference; lastKnownFileType = text.plist.xml; path = Info.plist; sourceTree = "<group>"; };
		63A14B511DED658E00F6D9B4 /* DetectNetworkTests.xctest */ = {isa = PBXFileReference; explicitFileType = wrapper.cfbundle; includeInIndex = 0; path = DetectNetworkTests.xctest; sourceTree = BUILT_PRODUCTS_DIR; };
		63A14B551DED658E00F6D9B4 /* DetectNetworkTests.m */ = {isa = PBXFileReference; lastKnownFileType = sourcecode.c.objc; path = DetectNetworkTests.m; sourceTree = "<group>"; };
		63A14B571DED658E00F6D9B4 /* Info.plist */ = {isa = PBXFileReference; lastKnownFileType = text.plist.xml; path = Info.plist; sourceTree = "<group>"; };
		63A14B5C1DED658E00F6D9B4 /* DetectNetworkUITests.xctest */ = {isa = PBXFileReference; explicitFileType = wrapper.cfbundle; includeInIndex = 0; path = DetectNetworkUITests.xctest; sourceTree = BUILT_PRODUCTS_DIR; };
		63A14B601DED658E00F6D9B4 /* DetectNetworkUITests.m */ = {isa = PBXFileReference; lastKnownFileType = sourcecode.c.objc; path = DetectNetworkUITests.m; sourceTree = "<group>"; };
		63A14B621DED658E00F6D9B4 /* Info.plist */ = {isa = PBXFileReference; lastKnownFileType = text.plist.xml; path = Info.plist; sourceTree = "<group>"; };
		63A14B6F1DED65B000F6D9B4 /* DetectNetworkStatus.h */ = {isa = PBXFileReference; fileEncoding = 4; lastKnownFileType = sourcecode.c.h; path = DetectNetworkStatus.h; sourceTree = "<group>"; };
		63A14B701DED65B000F6D9B4 /* DetectNetworkStatus.m */ = {isa = PBXFileReference; fileEncoding = 4; lastKnownFileType = sourcecode.c.objc; path = DetectNetworkStatus.m; sourceTree = "<group>"; };
		63A14B711DED65B000F6D9B4 /* Reachability.h */ = {isa = PBXFileReference; fileEncoding = 4; lastKnownFileType = sourcecode.c.h; path = Reachability.h; sourceTree = "<group>"; };
		63A14B721DED65B000F6D9B4 /* Reachability.m */ = {isa = PBXFileReference; fileEncoding = 4; lastKnownFileType = sourcecode.c.objc; path = Reachability.m; sourceTree = "<group>"; };
		63A14B731DED65B000F6D9B4 /* StatusSingleton.h */ = {isa = PBXFileReference; fileEncoding = 4; lastKnownFileType = sourcecode.c.h; path = StatusSingleton.h; sourceTree = "<group>"; };
/* End PBXFileReference section */

/* Begin PBXFrameworksBuildPhase section */
		63A14B351DED658D00F6D9B4 /* Frameworks */ = {
			isa = PBXFrameworksBuildPhase;
			buildActionMask = 2147483647;
			files = (
			);
			runOnlyForDeploymentPostprocessing = 0;
		};
		63A14B4E1DED658E00F6D9B4 /* Frameworks */ = {
			isa = PBXFrameworksBuildPhase;
			buildActionMask = 2147483647;
			files = (
			);
			runOnlyForDeploymentPostprocessing = 0;
		};
		63A14B591DED658E00F6D9B4 /* Frameworks */ = {
			isa = PBXFrameworksBuildPhase;
			buildActionMask = 2147483647;
			files = (
			);
			runOnlyForDeploymentPostprocessing = 0;
		};
/* End PBXFrameworksBuildPhase section */

/* Begin PBXGroup section */
		63A14B2F1DED658D00F6D9B4 = {
			isa = PBXGroup;
			children = (
				63A14B3A1DED658D00F6D9B4 /* DetectNetwork */,
				63A14B541DED658E00F6D9B4 /* DetectNetworkTests */,
				63A14B5F1DED658E00F6D9B4 /* DetectNetworkUITests */,
				63A14B391DED658D00F6D9B4 /* Products */,
			);
			sourceTree = "<group>";
		};
		63A14B391DED658D00F6D9B4 /* Products */ = {
			isa = PBXGroup;
			children = (
				63A14B381DED658D00F6D9B4 /* DetectNetwork.app */,
				63A14B511DED658E00F6D9B4 /* DetectNetworkTests.xctest */,
				63A14B5C1DED658E00F6D9B4 /* DetectNetworkUITests.xctest */,
			);
			name = Products;
			sourceTree = "<group>";
		};
		63A14B3A1DED658D00F6D9B4 /* DetectNetwork */ = {
			isa = PBXGroup;
			children = (
				63A14B6E1DED65B000F6D9B4 /* DetectNetwork */,
				63A14B3E1DED658D00F6D9B4 /* AppDelegate.h */,
				63A14B3F1DED658D00F6D9B4 /* AppDelegate.m */,
				63A14B411DED658D00F6D9B4 /* ViewController.h */,
				63A14B421DED658D00F6D9B4 /* ViewController.m */,
				63A14B441DED658D00F6D9B4 /* Main.storyboard */,
				63A14B471DED658D00F6D9B4 /* Assets.xcassets */,
				63A14B491DED658D00F6D9B4 /* LaunchScreen.storyboard */,
				63A14B4C1DED658D00F6D9B4 /* Info.plist */,
				63A14B3B1DED658D00F6D9B4 /* Supporting Files */,
			);
			path = DetectNetwork;
			sourceTree = "<group>";
		};
		63A14B3B1DED658D00F6D9B4 /* Supporting Files */ = {
			isa = PBXGroup;
			children = (
				63A14B3C1DED658D00F6D9B4 /* main.m */,
			);
			name = "Supporting Files";
			sourceTree = "<group>";
		};
		63A14B541DED658E00F6D9B4 /* DetectNetworkTests */ = {
			isa = PBXGroup;
			children = (
				63A14B551DED658E00F6D9B4 /* DetectNetworkTests.m */,
				63A14B571DED658E00F6D9B4 /* Info.plist */,
			);
			path = DetectNetworkTests;
			sourceTree = "<group>";
		};
		63A14B5F1DED658E00F6D9B4 /* DetectNetworkUITests */ = {
			isa = PBXGroup;
			children = (
				63A14B601DED658E00F6D9B4 /* DetectNetworkUITests.m */,
				63A14B621DED658E00F6D9B4 /* Info.plist */,
			);
			path = DetectNetworkUITests;
			sourceTree = "<group>";
		};
		63A14B6E1DED65B000F6D9B4 /* DetectNetwork */ = {
			isa = PBXGroup;
			children = (
				63A14B6F1DED65B000F6D9B4 /* DetectNetworkStatus.h */,
				63A14B701DED65B000F6D9B4 /* DetectNetworkStatus.m */,
				63A14B711DED65B000F6D9B4 /* Reachability.h */,
				63A14B721DED65B000F6D9B4 /* Reachability.m */,
				63A14B731DED65B000F6D9B4 /* StatusSingleton.h */,
			);
			path = DetectNetwork;
			sourceTree = "<group>";
		};
/* End PBXGroup section */

/* Begin PBXNativeTarget section */
		63A14B371DED658D00F6D9B4 /* DetectNetwork */ = {
			isa = PBXNativeTarget;
			buildConfigurationList = 63A14B651DED658E00F6D9B4 /* Build configuration list for PBXNativeTarget "DetectNetwork" */;
			buildPhases = (
				63A14B341DED658D00F6D9B4 /* Sources */,
				63A14B351DED658D00F6D9B4 /* Frameworks */,
				63A14B361DED658D00F6D9B4 /* Resources */,
			);
			buildRules = (
			);
			dependencies = (
			);
			name = DetectNetwork;
			productName = DetectNetwork;
			productReference = 63A14B381DED658D00F6D9B4 /* DetectNetwork.app */;
			productType = "com.apple.product-type.application";
		};
		63A14B501DED658E00F6D9B4 /* DetectNetworkTests */ = {
			isa = PBXNativeTarget;
			buildConfigurationList = 63A14B681DED658E00F6D9B4 /* Build configuration list for PBXNativeTarget "DetectNetworkTests" */;
			buildPhases = (
				63A14B4D1DED658E00F6D9B4 /* Sources */,
				63A14B4E1DED658E00F6D9B4 /* Frameworks */,
				63A14B4F1DED658E00F6D9B4 /* Resources */,
			);
			buildRules = (
			);
			dependencies = (
				63A14B531DED658E00F6D9B4 /* PBXTargetDependency */,
			);
			name = DetectNetworkTests;
			productName = DetectNetworkTests;
			productReference = 63A14B511DED658E00F6D9B4 /* DetectNetworkTests.xctest */;
			productType = "com.apple.product-type.bundle.unit-test";
		};
		63A14B5B1DED658E00F6D9B4 /* DetectNetworkUITests */ = {
			isa = PBXNativeTarget;
			buildConfigurationList = 63A14B6B1DED658E00F6D9B4 /* Build configuration list for PBXNativeTarget "DetectNetworkUITests" */;
			buildPhases = (
				63A14B581DED658E00F6D9B4 /* Sources */,
				63A14B591DED658E00F6D9B4 /* Frameworks */,
				63A14B5A1DED658E00F6D9B4 /* Resources */,
			);
			buildRules = (
			);
			dependencies = (
				63A14B5E1DED658E00F6D9B4 /* PBXTargetDependency */,
			);
			name = DetectNetworkUITests;
			productName = DetectNetworkUITests;
			productReference = 63A14B5C1DED658E00F6D9B4 /* DetectNetworkUITests.xctest */;
			productType = "com.apple.product-type.bundle.ui-testing";
		};
/* End PBXNativeTarget section */

/* Begin PBXProject section */
		63A14B301DED658D00F6D9B4 /* Project object */ = {
			isa = PBXProject;
			attributes = {
				LastUpgradeCheck = 0810;
				ORGANIZATIONNAME = Huang;
				TargetAttributes = {
					63A14B371DED658D00F6D9B4 = {
						CreatedOnToolsVersion = 8.1;
						DevelopmentTeam = 2FFS45S3SA;
						ProvisioningStyle = Automatic;
					};
					63A14B501DED658E00F6D9B4 = {
						CreatedOnToolsVersion = 8.1;
						DevelopmentTeam = 2FFS45S3SA;
						ProvisioningStyle = Automatic;
						TestTargetID = 63A14B371DED658D00F6D9B4;
					};
					63A14B5B1DED658E00F6D9B4 = {
						CreatedOnToolsVersion = 8.1;
						DevelopmentTeam = 2FFS45S3SA;
						ProvisioningStyle = Automatic;
						TestTargetID = 63A14B371DED658D00F6D9B4;
					};
				};
			};
			buildConfigurationList = 63A14B331DED658D00F6D9B4 /* Build configuration list for PBXProject "DetectNetwork" */;
			compatibilityVersion = "Xcode 3.2";
			developmentRegion = English;
			hasScannedForEncodings = 0;
			knownRegions = (
				en,
				Base,
			);
			mainGroup = 63A14B2F1DED658D00F6D9B4;
			productRefGroup = 63A14B391DED658D00F6D9B4 /* Products */;
			projectDirPath = "";
			projectRoot = "";
			targets = (
				63A14B371DED658D00F6D9B4 /* DetectNetwork */,
				63A14B501DED658E00F6D9B4 /* DetectNetworkTests */,
				63A14B5B1DED658E00F6D9B4 /* DetectNetworkUITests */,
			);
		};
/* End PBXProject section */

/* Begin PBXResourcesBuildPhase section */
		63A14B361DED658D00F6D9B4 /* Resources */ = {
			isa = PBXResourcesBuildPhase;
			buildActionMask = 2147483647;
			files = (
				63A14B4B1DED658D00F6D9B4 /* LaunchScreen.storyboard in Resources */,
				63A14B481DED658D00F6D9B4 /* Assets.xcassets in Resources */,
				63A14B461DED658D00F6D9B4 /* Main.storyboard in Resources */,
			);
			runOnlyForDeploymentPostprocessing = 0;
		};
		63A14B4F1DED658E00F6D9B4 /* Resources */ = {
			isa = PBXResourcesBuildPhase;
			buildActionMask = 2147483647;
			files = (
			);
			runOnlyForDeploymentPostprocessing = 0;
		};
		63A14B5A1DED658E00F6D9B4 /* Resources */ = {
			isa = PBXResourcesBuildPhase;
			buildActionMask = 2147483647;
			files = (
			);
			runOnlyForDeploymentPostprocessing = 0;
		};
/* End PBXResourcesBuildPhase section */

/* Begin PBXSourcesBuildPhase section */
		63A14B341DED658D00F6D9B4 /* Sources */ = {
			isa = PBXSourcesBuildPhase;
			buildActionMask = 2147483647;
			files = (
				63A14B431DED658D00F6D9B4 /* ViewController.m in Sources */,
				63A14B401DED658D00F6D9B4 /* AppDelegate.m in Sources */,
				63A14B3D1DED658D00F6D9B4 /* main.m in Sources */,
				63A14B741DED65B000F6D9B4 /* DetectNetworkStatus.m in Sources */,
				63A14B751DED65B000F6D9B4 /* Reachability.m in Sources */,
			);
			runOnlyForDeploymentPostprocessing = 0;
		};
		63A14B4D1DED658E00F6D9B4 /* Sources */ = {
			isa = PBXSourcesBuildPhase;
			buildActionMask = 2147483647;
			files = (
				63A14B561DED658E00F6D9B4 /* DetectNetworkTests.m in Sources */,
			);
			runOnlyForDeploymentPostprocessing = 0;
		};
		63A14B581DED658E00F6D9B4 /* Sources */ = {
			isa = PBXSourcesBuildPhase;
			buildActionMask = 2147483647;
			files = (
				63A14B611DED658E00F6D9B4 /* DetectNetworkUITests.m in Sources */,
			);
			runOnlyForDeploymentPostprocessing = 0;
		};
/* End PBXSourcesBuildPhase section */

/* Begin PBXTargetDependency section */
		63A14B531DED658E00F6D9B4 /* PBXTargetDependency */ = {
			isa = PBXTargetDependency;
			target = 63A14B371DED658D00F6D9B4 /* DetectNetwork */;
			targetProxy = 63A14B521DED658E00F6D9B4 /* PBXContainerItemProxy */;
		};
		63A14B5E1DED658E00F6D9B4 /* PBXTargetDependency */ = {
			isa = PBXTargetDependency;
			target = 63A14B371DED658D00F6D9B4 /* DetectNetwork */;
			targetProxy = 63A14B5D1DED658E00F6D9B4 /* PBXContainerItemProxy */;
		};
/* End PBXTargetDependency section */

/* Begin PBXVariantGroup section */
		63A14B441DED658D00F6D9B4 /* Main.storyboard */ = {
			isa = PBXVariantGroup;
			children = (
				63A14B451DED658D00F6D9B4 /* Base */,
			);
			name = Main.storyboard;
			sourceTree = "<group>";
		};
		63A14B491DED658D00F6D9B4 /* LaunchScreen.storyboard */ = {
			isa = PBXVariantGroup;
			children = (
				63A14B4A1DED658D00F6D9B4 /* Base */,
			);
			name = LaunchScreen.storyboard;
			sourceTree = "<group>";
		};
/* End PBXVariantGroup section */

/* Begin XCBuildConfiguration section */
		63A14B631DED658E00F6D9B4 /* Debug */ = {
			isa = XCBuildConfiguration;
			buildSettings = {
				ALWAYS_SEARCH_USER_PATHS = NO;
				CLANG_ANALYZER_NONNULL = YES;
				CLANG_CXX_LANGUAGE_STANDARD = "gnu++0x";
				CLANG_CXX_LIBRARY = "libc++";
				CLANG_ENABLE_MODULES = YES;
				CLANG_ENABLE_OBJC_ARC = YES;
				CLANG_WARN_BOOL_CONVERSION = YES;
				CLANG_WARN_CONSTANT_CONVERSION = YES;
				CLANG_WARN_DIRECT_OBJC_ISA_USAGE = YES_ERROR;
				CLANG_WARN_DOCUMENTATION_COMMENTS = YES;
				CLANG_WARN_EMPTY_BODY = YES;
				CLANG_WARN_ENUM_CONVERSION = YES;
				CLANG_WARN_INFINITE_RECURSION = YES;
				CLANG_WARN_INT_CONVERSION = YES;
				CLANG_WARN_OBJC_ROOT_CLASS = YES_ERROR;
				CLANG_WARN_SUSPICIOUS_MOVES = YES;
				CLANG_WARN_UNREACHABLE_CODE = YES;
				CLANG_WARN__DUPLICATE_METHOD_MATCH = YES;
				"CODE_SIGN_IDENTITY[sdk=iphoneos*]" = "iPhone Developer";
				COPY_PHASE_STRIP = NO;
				DEBUG_INFORMATION_FORMAT = dwarf;
				ENABLE_STRICT_OBJC_MSGSEND = YES;
				ENABLE_TESTABILITY = YES;
				GCC_C_LANGUAGE_STANDARD = gnu99;
				GCC_DYNAMIC_NO_PIC = NO;
				GCC_NO_COMMON_BLOCKS = YES;
				GCC_OPTIMIZATION_LEVEL = 0;
				GCC_PREPROCESSOR_DEFINITIONS = (
					"DEBUG=1",
					"$(inherited)",
				);
				GCC_WARN_64_TO_32_BIT_CONVERSION = YES;
				GCC_WARN_ABOUT_RETURN_TYPE = YES_ERROR;
				GCC_WARN_UNDECLARED_SELECTOR = YES;
				GCC_WARN_UNINITIALIZED_AUTOS = YES_AGGRESSIVE;
				GCC_WARN_UNUSED_FUNCTION = YES;
				GCC_WARN_UNUSED_VARIABLE = YES;
				IPHONEOS_DEPLOYMENT_TARGET = 10.1;
				MTL_ENABLE_DEBUG_INFO = YES;
				ONLY_ACTIVE_ARCH = YES;
				SDKROOT = iphoneos;
				TARGETED_DEVICE_FAMILY = "1,2";
			};
			name = Debug;
		};
		63A14B641DED658E00F6D9B4 /* Release */ = {
			isa = XCBuildConfiguration;
			buildSettings = {
				ALWAYS_SEARCH_USER_PATHS = NO;
				CLANG_ANALYZER_NONNULL = YES;
				CLANG_CXX_LANGUAGE_STANDARD = "gnu++0x";
				CLANG_CXX_LIBRARY = "libc++";
				CLANG_ENABLE_MODULES = YES;
				CLANG_ENABLE_OBJC_ARC = YES;
				CLANG_WARN_BOOL_CONVERSION = YES;
				CLANG_WARN_CONSTANT_CONVERSION = YES;
				CLANG_WARN_DIRECT_OBJC_ISA_USAGE = YES_ERROR;
				CLANG_WARN_DOCUMENTATION_COMMENTS = YES;
				CLANG_WARN_EMPTY_BODY = YES;
				CLANG_WARN_ENUM_CONVERSION = YES;
				CLANG_WARN_INFINITE_RECURSION = YES;
				CLANG_WARN_INT_CONVERSION = YES;
				CLANG_WARN_OBJC_ROOT_CLASS = YES_ERROR;
				CLANG_WARN_SUSPICIOUS_MOVES = YES;
				CLANG_WARN_UNREACHABLE_CODE = YES;
				CLANG_WARN__DUPLICATE_METHOD_MATCH = YES;
				"CODE_SIGN_IDENTITY[sdk=iphoneos*]" = "iPhone Developer";
				COPY_PHASE_STRIP = NO;
				DEBUG_INFORMATION_FORMAT = "dwarf-with-dsym";
				ENABLE_NS_ASSERTIONS = NO;
				ENABLE_STRICT_OBJC_MSGSEND = YES;
				GCC_C_LANGUAGE_STANDARD = gnu99;
				GCC_NO_COMMON_BLOCKS = YES;
				GCC_WARN_64_TO_32_BIT_CONVERSION = YES;
				GCC_WARN_ABOUT_RETURN_TYPE = YES_ERROR;
				GCC_WARN_UNDECLARED_SELECTOR = YES;
				GCC_WARN_UNINITIALIZED_AUTOS = YES_AGGRESSIVE;
				GCC_WARN_UNUSED_FUNCTION = YES;
				GCC_WARN_UNUSED_VARIABLE = YES;
				IPHONEOS_DEPLOYMENT_TARGET = 10.1;
				MTL_ENABLE_DEBUG_INFO = NO;
				SDKROOT = iphoneos;
				TARGETED_DEVICE_FAMILY = "1,2";
				VALIDATE_PRODUCT = YES;
			};
			name = Release;
		};
		63A14B661DED658E00F6D9B4 /* Debug */ = {
			isa = XCBuildConfiguration;
			buildSettings = {
				ASSETCATALOG_COMPILER_APPICON_NAME = AppIcon;
				DEVELOPMENT_TEAM = 2FFS45S3SA;
				INFOPLIST_FILE = DetectNetwork/Info.plist;
				LD_RUNPATH_SEARCH_PATHS = "$(inherited) @executable_path/Frameworks";
				PRODUCT_BUNDLE_IDENTIFIER = com.HuangLiangJun.DetectNetwork;
				PRODUCT_NAME = "$(TARGET_NAME)";
			};
			name = Debug;
		};
		63A14B671DED658E00F6D9B4 /* Release */ = {
			isa = XCBuildConfiguration;
			buildSettings = {
				ASSETCATALOG_COMPILER_APPICON_NAME = AppIcon;
				DEVELOPMENT_TEAM = 2FFS45S3SA;
				INFOPLIST_FILE = DetectNetwork/Info.plist;
				LD_RUNPATH_SEARCH_PATHS = "$(inherited) @executable_path/Frameworks";
				PRODUCT_BUNDLE_IDENTIFIER = com.HuangLiangJun.DetectNetwork;
				PRODUCT_NAME = "$(TARGET_NAME)";
			};
			name = Release;
		};
		63A14B691DED658E00F6D9B4 /* Debug */ = {
			isa = XCBuildConfiguration;
			buildSettings = {
				BUNDLE_LOADER = "$(TEST_HOST)";
				DEVELOPMENT_TEAM = 2FFS45S3SA;
				INFOPLIST_FILE = DetectNetworkTests/Info.plist;
				LD_RUNPATH_SEARCH_PATHS = "$(inherited) @executable_path/Frameworks @loader_path/Frameworks";
				PRODUCT_BUNDLE_IDENTIFIER = com.HuangLiangJun.DetectNetworkTests;
				PRODUCT_NAME = "$(TARGET_NAME)";
				TEST_HOST = "$(BUILT_PRODUCTS_DIR)/DetectNetwork.app/DetectNetwork";
			};
			name = Debug;
		};
		63A14B6A1DED658E00F6D9B4 /* Release */ = {
			isa = XCBuildConfiguration;
			buildSettings = {
				BUNDLE_LOADER = "$(TEST_HOST)";
				DEVELOPMENT_TEAM = 2FFS45S3SA;
				INFOPLIST_FILE = DetectNetworkTests/Info.plist;
				LD_RUNPATH_SEARCH_PATHS = "$(inherited) @executable_path/Frameworks @loader_path/Frameworks";
				PRODUCT_BUNDLE_IDENTIFIER = com.HuangLiangJun.DetectNetworkTests;
				PRODUCT_NAME = "$(TARGET_NAME)";
				TEST_HOST = "$(BUILT_PRODUCTS_DIR)/DetectNetwork.app/DetectNetwork";
			};
			name = Release;
		};
		63A14B6C1DED658E00F6D9B4 /* Debug */ = {
			isa = XCBuildConfiguration;
			buildSettings = {
				DEVELOPMENT_TEAM = 2FFS45S3SA;
				INFOPLIST_FILE = DetectNetworkUITests/Info.plist;
				LD_RUNPATH_SEARCH_PATHS = "$(inherited) @executable_path/Frameworks @loader_path/Frameworks";
				PRODUCT_BUNDLE_IDENTIFIER = com.HuangLiangJun.DetectNetworkUITests;
				PRODUCT_NAME = "$(TARGET_NAME)";
				TEST_TARGET_NAME = DetectNetwork;
			};
			name = Debug;
		};
		63A14B6D1DED658E00F6D9B4 /* Release */ = {
			isa = XCBuildConfiguration;
			buildSettings = {
				DEVELOPMENT_TEAM = 2FFS45S3SA;
				INFOPLIST_FILE = DetectNetworkUITests/Info.plist;
				LD_RUNPATH_SEARCH_PATHS = "$(inherited) @executable_path/Frameworks @loader_path/Frameworks";
				PRODUCT_BUNDLE_IDENTIFIER = com.HuangLiangJun.DetectNetworkUITests;
				PRODUCT_NAME = "$(TARGET_NAME)";
				TEST_TARGET_NAME = DetectNetwork;
			};
			name = Release;
		};
/* End XCBuildConfiguration section */

/* Begin XCConfigurationList section */
		63A14B331DED658D00F6D9B4 /* Build configuration list for PBXProject "DetectNetwork" */ = {
			isa = XCConfigurationList;
			buildConfigurations = (
				63A14B631DED658E00F6D9B4 /* Debug */,
				63A14B641DED658E00F6D9B4 /* Release */,
			);
			defaultConfigurationIsVisible = 0;
			defaultConfigurationName = Release;
		};
		63A14B651DED658E00F6D9B4 /* Build configuration list for PBXNativeTarget "DetectNetwork" */ = {
			isa = XCConfigurationList;
			buildConfigurations = (
				63A14B661DED658E00F6D9B4 /* Debug */,
				63A14B671DED658E00F6D9B4 /* Release */,
			);
			defaultConfigurationIsVisible = 0;
		};
		63A14B681DED658E00F6D9B4 /* Build configuration list for PBXNativeTarget "DetectNetworkTests" */ = {
			isa = XCConfigurationList;
			buildConfigurations = (
				63A14B691DED658E00F6D9B4 /* Debug */,
				63A14B6A1DED658E00F6D9B4 /* Release */,
			);
			defaultConfigurationIsVisible = 0;
		};
		63A14B6B1DED658E00F6D9B4 /* Build configuration list for PBXNativeTarget "DetectNetworkUITests" */ = {
			isa = XCConfigurationList;
			buildConfigurations = (
				63A14B6C1DED658E00F6D9B4 /* Debug */,
				63A14B6D1DED658E00F6D9B4 /* Release */,
			);
			defaultConfigurationIsVisible = 0;
		};
/* End XCConfigurationList section */
	};
	rootObject = 63A14B301DED658D00F6D9B4 /* Project object */;
}
